{"SurveyEntry":{"SurveyID":"SV_7V5e1i5581koSwu","SurveyName":"twins1","SurveyDescription":null,"SurveyOwnerID":"UR_4ISaYqgKhyZU1wx","SurveyBrandID":"upenn","DivisionID":null,"SurveyLanguage":"EN","SurveyActiveResponseSet":"RS_3C0dKFzzrIkpkJE","SurveyStatus":"Active","SurveyStartDate":"0000-00-00 00:00:00","SurveyExpirationDate":"0000-00-00 00:00:00","SurveyCreationDate":"2025-12-09 13:49:34","CreatorID":"UR_4ISaYqgKhyZU1wx","LastModified":"2026-02-04 20:01:03","LastAccessed":"0000-00-00 00:00:00","LastActivated":"2025-12-16 12:03:18","Deleted":null},"SurveyElements":[{"SurveyID":"SV_7V5e1i5581koSwu","Element":"BL","PrimaryAttribute":"Survey Blocks","SecondaryAttribute":null,"TertiaryAttribute":null,"Payload":[{"Type":"Default","Description":"pre","ID":"BL_2bkF2K7QB18g7P0","BlockElements":[{"Type":"Question","QuestionID":"QID24"},{"Type":"Page Break"},{"Type":"Question","QuestionID":"QID4"},{"Type":"Question","QuestionID":"QID11"},{"Type":"Question","QuestionID":"QID14"},{"Type":"Question","QuestionID":"QID18"},{"Type":"Question","QuestionID":"QID17"},{"Type":"Question","QuestionID":"QID16"},{"Type":"Question","QuestionID":"QID15"},{"Type":"Page Break"},{"Type":"Question","QuestionID":"QID7"},{"Type":"Question","QuestionID":"QID13"},{"Type":"Page Break"},{"Type":"Question","QuestionID":"QID2"},{"Type":"Page Break"},{"Type":"Question","QuestionID":"QID25"},{"Type":"Question","QuestionID":"QID20"},{"Type":"Page Break"},{"Type":"Question","QuestionID":"QID5"},{"Type":"Question","QuestionID":"QID22"},{"Type":"Question","QuestionID":"QID23"}]},{"Type":"Trash","Description":"Trash \/ Unused Questions","ID":"BL_ebQt21qhGeoVp54","BlockElements":[{"Type":"Question","QuestionID":"QID12"},{"Type":"Question","QuestionID":"QID10"},{"Type":"Question","QuestionID":"QID3"}]},{"Type":"Standard","SubType":"","Description":"post","ID":"BL_3IDRfuEpxb26pg2","BlockElements":[{"Type":"Question","QuestionID":"QID6"},{"Type":"Question","QuestionID":"QID8"},{"Type":"Question","QuestionID":"QID9"},{"Type":"Page Break"},{"Type":"Question","QuestionID":"QID26"},{"Type":"Question","QuestionID":"QID27"},{"Type":"Question","QuestionID":"QID28"},{"Type":"Question","QuestionID":"QID21"}]},{"Type":"Standard","SubType":"","Description":"intro","ID":"BL_510chZWgnLZoeuG","BlockElements":[{"Type":"Question","QuestionID":"QID29"},{"Type":"Page Break"},{"Type":"Question","QuestionID":"QID1"},{"Type":"Page Break"},{"Type":"Question","QuestionID":"QID19"}]}]},{"SurveyID":"SV_7V5e1i5581koSwu","Element":"FL","PrimaryAttribute":"Survey Flow","SecondaryAttribute":null,"TertiaryAttribute":null,"Payload":{"Type":"Root","FlowID":"FL_1","Flow":[{"Type":"EmbeddedData","FlowID":"FL_3","EmbeddedData":[{"Description":"fixed","Type":"Custom","Field":"fixed","VariableType":"String","DataVisibility":[],"AnalyzeText":false,"Value":"0"}]},{"Type":"Standard","ID":"BL_510chZWgnLZoeuG","FlowID":"FL_5","Autofill":[]},{"Type":"EmbeddedData","FlowID":"FL_7","EmbeddedData":[{"Description":"IngroupLabel","Type":"Recipient","Field":"IngroupLabel","VariableType":"String","DataVisibility":[],"AnalyzeText":false},{"Description":"OutgroupLabel","Type":"Recipient","Field":"OutgroupLabel","VariableType":"String","DataVisibility":[],"AnalyzeText":false},{"Description":"PartyNumeric","Type":"Custom","Field":"PartyNumeric","VariableType":"String","DataVisibility":[],"AnalyzeText":false,"Value":"${q:\/\/QID19\/ChoiceNumericEntryValue\/1}"}]},{"Type":"Branch","FlowID":"FL_8","Description":"New Branch","BranchLogic":{"0":{"0":{"LogicType":"EmbeddedField","LeftOperand":"PartyNumeric","Operator":"GreaterThan","RightOperand":"50","_HiddenExpression":false,"Type":"Expression","Description":"<span class=\"ConjDesc\">If<\/span> <span class=\"LeftOpDesc\">PartyNumeric<\/span> <span class=\"OpDesc\">Is Greater Than<\/span> <span class=\"RightOpDesc\"> 50 <\/span>"},"Type":"If"},"Type":"BooleanExpression"},"Flow":[{"Type":"EmbeddedData","FlowID":"FL_9","EmbeddedData":[{"Description":"IngroupLabel","Type":"Custom","Field":"IngroupLabel","VariableType":"String","DataVisibility":[],"AnalyzeText":false,"Value":"Republican"},{"Description":"OutgroupLabel","Type":"Custom","Field":"OutgroupLabel","VariableType":"String","DataVisibility":[],"AnalyzeText":false,"Value":"Democrat"},{"Description":"condition","Type":"Custom","Field":"condition","VariableType":"String","DataVisibility":[],"AnalyzeText":false,"Value":"twin_democrat"}]}]},{"Type":"Branch","FlowID":"FL_11","Description":"New Branch","BranchLogic":{"0":{"0":{"LogicType":"EmbeddedField","LeftOperand":"PartyNumeric","Operator":"LessThanOrEqual","RightOperand":"50","_HiddenExpression":false,"Type":"Expression","Description":"<span class=\"ConjDesc\">If<\/span> <span class=\"LeftOpDesc\">PartyNumeric<\/span> <span class=\"OpDesc\">Is Less Than or Equal to<\/span> <span class=\"RightOpDesc\"> 50 <\/span>"},"Type":"If"},"Type":"BooleanExpression"},"Flow":[{"Type":"EmbeddedData","FlowID":"FL_12","EmbeddedData":[{"Description":"IngroupLabel","Type":"Custom","Field":"IngroupLabel","VariableType":"String","DataVisibility":[],"AnalyzeText":false,"Value":"Democrat"},{"Description":"OutgroupLabel","Type":"Custom","Field":"OutgroupLabel","VariableType":"String","DataVisibility":[],"AnalyzeText":false,"Value":"Republican"},{"Description":"condition","Type":"Custom","Field":"condition","VariableType":"String","DataVisibility":[],"AnalyzeText":false,"Value":"twin_republican"}]}]},{"Type":"Block","ID":"BL_2bkF2K7QB18g7P0","FlowID":"FL_2","Autofill":[]},{"Type":"Standard","ID":"BL_3IDRfuEpxb26pg2","FlowID":"FL_4","Autofill":[]}],"Properties":{"Count":12}}},{"SurveyID":"SV_7V5e1i5581koSwu","Element":"PL","PrimaryAttribute":"Preview Link","SecondaryAttribute":null,"TertiaryAttribute":null,"Payload":{"PreviewType":"Public","PreviewID":"4b7e36b6-9ff7-4761-bd35-0244709fbab2"}},{"SurveyID":"SV_7V5e1i5581koSwu","Element":"PROJ","PrimaryAttribute":"CORE","SecondaryAttribute":null,"TertiaryAttribute":"1.1.0","Payload":{"ProjectCategory":"CORE","SchemaVersion":"1.1.0"}},{"SurveyID":"SV_7V5e1i5581koSwu","Element":"QC","PrimaryAttribute":"Survey Question Count","SecondaryAttribute":"29","TertiaryAttribute":null,"Payload":null},{"SurveyID":"SV_7V5e1i5581koSwu","Element":"RS","PrimaryAttribute":"RS_3C0dKFzzrIkpkJE","SecondaryAttribute":"Default Response Set","TertiaryAttribute":null,"Payload":null},{"SurveyID":"SV_7V5e1i5581koSwu","Element":"SCO","PrimaryAttribute":"Scoring","SecondaryAttribute":null,"TertiaryAttribute":null,"Payload":{"ScoringCategories":[],"ScoringCategoryGroups":[],"ScoringSummaryCategory":null,"ScoringSummaryAfterQuestions":0,"ScoringSummaryAfterSurvey":0,"DefaultScoringCategory":null,"AutoScoringCategory":null}},{"SurveyID":"SV_7V5e1i5581koSwu","Element":"SO","PrimaryAttribute":"Survey Options","SecondaryAttribute":null,"TertiaryAttribute":null,"Payload":{"BackButton":"false","SaveAndContinue":"true","SurveyProtection":"PublicSurvey","BallotBoxStuffingPrevention":"false","NoIndex":"Yes","SecureResponseFiles":"true","SurveyExpiration":"None","SurveyTermination":"Redirect","Header":"<script src=\"https:\/\/cdn.research-it.wharton.upenn.edu\/qualtrics-iframe-embed\/0.1\/qualtrics.js\"><\/script>","Footer":"","ProgressBarDisplay":"None","PartialData":"+1 week","ValidationMessage":null,"PreviousButton":" \u2190 ","NextButton":" \u2192 ","SurveyTitle":"Qualtrics Survey | Qualtrics Experience Management","SkinLibrary":"upenn","SkinType":"templated","Skin":{"brandingId":"6057378996","templateId":"*2014","overrides":null},"NewScoring":1,"SurveyMetaDescription":"The most powerful, simple and trusted way to gather experience data. Start your journey to experience management and try a free account today.","headerLid":"UR_4ISaYqgKhyZU1wx","headerMid":"MS_6A0c3gou1W4M0DA","SurveyName":"twins1","EOSMessage":null,"ShowExportTags":"false","CollectGeoLocation":"false","PasswordProtection":"No","AnonymizeResponse":"No","RefererCheck":"No","BallotBoxStuffingPreventionBehavior":null,"BallotBoxStuffingPreventionMessage":null,"BallotBoxStuffingPreventionMessageLibrary":null,"BallotBoxStuffingPreventionURL":null,"RecaptchaV3":"true","ConfirmStart":false,"AutoConfirmStart":false,"RelevantID":"false","RelevantIDLockoutPeriod":"+30 days","UseCustomSurveyLinkCompletedMessage":null,"SurveyLinkCompletedMessage":null,"SurveyLinkCompletedMessageLibrary":null,"ResponseSummary":"No","EOSMessageLibrary":null,"EOSRedirectURL":"https:\/\/app.prolific.com\/submissions\/complete?cc=CRFEEERK","EmailThankYou":"false","ThankYouEmailMessageLibrary":null,"ThankYouEmailMessage":null,"ValidateMessage":"false","ValidationMessageLibrary":null,"InactiveSurvey":null,"PartialDeletion":null,"PartialDataCloseAfter":"LastActivity","InactiveMessageLibrary":null,"InactiveMessage":null,"AvailableLanguages":{"EN":[]},"ProtectSelectionIds":true}},{"SurveyID":"SV_7V5e1i5581koSwu","Element":"SQ","PrimaryAttribute":"QID1","SecondaryAttribute":"Imagine you work for a consumer products company that is developing a new line of energy saving d...","TertiaryAttribute":null,"Payload":{"QuestionText":"<div style=\"text-align: center; margin: 20px 0;\">\n  <img\n    src=\"https:\/\/raw.githubusercontent.com\/lirabenjamin\/twins_pilot2\/main\/materials\/qualtrics\/images\/clipboard.png\"\n    alt=\"Clipboard icon\"\n    style=\"max-width: 500px; width: 100%; height: auto;\"\n  >\n<\/div>\n\nImagine you work for a consumer products company that is developing a new line of energy saving domestic appliances. <br><br>You are exploring product market fit, and your team is looking at a broad set of demographics. Your have been tasked to look at political orientation.<br>","DefaultChoices":false,"DataExportTag":"Q1","QuestionID":"QID1","QuestionType":"DB","Selector":"TB","DataVisibility":{"Private":false,"Hidden":false},"Configuration":{"QuestionDescriptionOption":"UseText"},"QuestionDescription":"Imagine you work for a consumer products company that is developing a new line of energy saving d...","ChoiceOrder":[],"Validation":{"Settings":{"Type":"None"}},"GradingData":[],"Language":[],"NextChoiceId":4,"NextAnswerId":1}},{"SurveyID":"SV_7V5e1i5581koSwu","Element":"SQ","PrimaryAttribute":"QID10","SecondaryAttribute":"political ideology.","TertiaryAttribute":null,"Payload":{"QuestionText":"political ideology.","DataExportTag":"Q10","QuestionType":"MC","Selector":"SAVR","SubSelector":"TX","DataVisibility":{"Private":false,"Hidden":false},"Configuration":{"QuestionDescriptionOption":"UseText"},"QuestionDescription":"political ideology.","Choices":{"1":{"Display":"Click to write Choice 1"},"2":{"Display":"Click to write Choice 2"},"3":{"Display":"Click to write Choice 3"}},"ChoiceOrder":["1","2","3"],"Validation":{"Settings":{"ForceResponse":"OFF","Type":"None"}},"Language":[],"NextChoiceId":4,"NextAnswerId":1,"QuestionID":"QID10"}},{"SurveyID":"SV_7V5e1i5581koSwu","Element":"SQ","PrimaryAttribute":"QID11","SecondaryAttribute":"1. It is important to me that the products I use do not harm the environment","TertiaryAttribute":null,"Payload":{"QuestionText":"<strong>1. It is important to me that the products I use do not harm the environment<\/strong>","DefaultChoices":false,"DataExportTag":"g1","QuestionID":"QID11","QuestionType":"Matrix","Selector":"Likert","SubSelector":"SingleAnswer","DataVisibility":{"Private":false,"Hidden":false},"Configuration":{"QuestionDescriptionOption":"UseText","TextPosition":"inline","ChoiceColumnWidth":25,"RepeatHeaders":"none","WhiteSpace":"OFF","MobileFirst":true},"QuestionDescription":"1. It is important to me that the products I use do not harm the environment","Choices":{"1":{"Display":"Your opinion"},"2":{"Display":"<span style=\"color:#c0392b;\">The average republican<\/span>"},"3":{"Display":"<span style=\"color:#2980b9;\">The average democrat<\/span>"}},"ChoiceOrder":["1","2","3"],"Validation":{"Settings":{"ForceResponse":"ON","ForceResponseType":"ON","Type":"None"}},"GradingData":[],"Language":[],"NextChoiceId":4,"NextAnswerId":6,"Answers":{"1":{"Display":"Disagree strongly"},"2":{"Display":"Disagree a little"},"3":{"Display":"Neither agree nor disagree"},"4":{"Display":"Agree a little"},"5":{"Display":"Agree strongly"}},"AnswerOrder":[1,2,3,4,5],"ChoiceDataExportTags":false,"QuestionJS":"Qualtrics.SurveyEngine.addOnReady(function () {\n  var qid = this.questionId;\n\n  var css = `\n    \/* YOUR OPINION \u2013 gray *\/\n    #${qid} .q-matrix-row td:nth-child(2) input[type=range]::-webkit-slider-thumb {\n      background: #9e9e9e;\n    }\n    #${qid} .q-matrix-row td:nth-child(2) input[type=range]::-moz-range-thumb {\n      background: #9e9e9e;\n    }\n\n    \/* DEMOCRAT \u2013 blue *\/\n    #${qid} .q-matrix-row td:nth-child(3) input[type=range]::-webkit-slider-thumb {\n      background: #1f77b4;\n    }\n    #${qid} .q-matrix-row td:nth-child(3) input[type=range]::-moz-range-thumb {\n      background: #1f77b4;\n    }\n\n    \/* REPUBLICAN \u2013 red *\/\n    #${qid} .q-matrix-row td:nth-child(4) input[type=range]::-webkit-slider-thumb {\n      background: #d62728;\n    }\n    #${qid} .q-matrix-row td:nth-child(4) input[type=range]::-moz-range-thumb {\n      background: #d62728;\n    }\n  `;\n\n  var style = document.createElement(\"style\");\n  style.innerHTML = css;\n  document.head.appendChild(style);\n});"}},{"SurveyID":"SV_7V5e1i5581koSwu","Element":"SQ","PrimaryAttribute":"QID12","SecondaryAttribute":"Click to write the question text","TertiaryAttribute":null,"Payload":{"QuestionText":"Click to write the question text","DefaultChoices":false,"DataExportTag":"Q12","QuestionID":"QID12","QuestionType":"Slider","Selector":"HSLIDER","DataVisibility":{"Private":false,"Hidden":false},"Configuration":{"QuestionDescriptionOption":"UseText","CSSliderMin":1,"CSSliderMax":5,"GridLines":5,"SnapToGrid":true,"NumDecimals":"0","ShowValue":true,"CustomStart":true,"NotApplicable":false,"MobileFirst":true,"SliderStartPositions":{"1":0.200000000000000011102230246251565404236316680908203125,"2":0,"3":0}},"QuestionDescription":"Click to write the question text","Choices":{"1":{"Display":"Click to write Choice 1"},"2":{"Display":"Click to write Choice 2"},"3":{"Display":"Click to write Choice 3"}},"ChoiceOrder":["1","2","3"],"Validation":{"Settings":{"ForceResponse":"OFF","Type":"None"}},"GradingData":[],"Language":[],"NextChoiceId":4,"NextAnswerId":6,"Labels":{"1":{"Display":"Disagree Stringly"},"2":{"Display":"Disagree a little"},"3":{"Display":"Neither"},"4":{"Display":"Agree a little"},"5":{"Display":"Agree strongly"}},"Answers":{"1":{"Display":1},"2":{"Display":2},"3":{"Display":3},"4":{"Display":3},"5":{"Display":4},"6":{"Display":5}}}},{"SurveyID":"SV_7V5e1i5581koSwu","Element":"SQ","PrimaryAttribute":"QID13","SecondaryAttribute":"How confident are you that your predictions accurately reflect the views of the average ...","TertiaryAttribute":null,"Payload":{"QuestionText":"How <strong>confident<\/strong> are you that your predictions accurately reflect the views of the average ${e:\/\/Field\/OutgroupLabel}?","DataExportTag":"confidence_out1 ","QuestionType":"MC","Selector":"SAVR","SubSelector":"TX","DataVisibility":{"Private":false,"Hidden":false},"Configuration":{"QuestionDescriptionOption":"UseText"},"QuestionDescription":"How confident are you that your predictions accurately reflect the views of the average ...","Choices":{"1":{"Display":"Extremely confident"},"2":{"Display":"Very confident"},"3":{"Display":"Moderately confident"},"4":{"Display":"Slightly confident"},"5":{"Display":"Not at all confident"}},"ChoiceOrder":[1,2,3,4,5],"Validation":{"Settings":{"ForceResponse":"ON","ForceResponseType":"ON","Type":"None"}},"Language":[],"NextChoiceId":6,"NextAnswerId":1,"QuestionID":"QID13"}},{"SurveyID":"SV_7V5e1i5581koSwu","Element":"SQ","PrimaryAttribute":"QID14","SecondaryAttribute":"2. I consider the potential environmental impact of my actions when making many of my decisions","TertiaryAttribute":null,"Payload":{"QuestionText":"<strong>2. I consider the potential environmental impact of my actions when making many of my decisions<\/strong>","DefaultChoices":false,"DataExportTag":"g2","QuestionType":"Matrix","Selector":"Likert","SubSelector":"SingleAnswer","DataVisibility":{"Private":false,"Hidden":false},"Configuration":{"QuestionDescriptionOption":"UseText","TextPosition":"inline","ChoiceColumnWidth":25,"RepeatHeaders":"none","WhiteSpace":"OFF","MobileFirst":true},"QuestionDescription":"2. I consider the potential environmental impact of my actions when making many of my decisions","Choices":{"1":{"Display":"Your opinion"},"2":{"Display":"<span style=\"color:#c0392b;\">The average republican<\/span>"},"3":{"Display":"<span style=\"color:#2980b9;\">The average democrat<\/span>"}},"ChoiceOrder":["1","2","3"],"Validation":{"Settings":{"ForceResponse":"ON","ForceResponseType":"ON","Type":"None"}},"GradingData":[],"Language":[],"NextChoiceId":4,"NextAnswerId":6,"Answers":{"1":{"Display":"Disagree strongly"},"2":{"Display":"Disagree a little"},"3":{"Display":"Neither agree nor disagree"},"4":{"Display":"Agree a little"},"5":{"Display":"Agree strongly"}},"AnswerOrder":[1,2,3,4,5],"ChoiceDataExportTags":false,"QuestionID":"QID14"}},{"SurveyID":"SV_7V5e1i5581koSwu","Element":"SQ","PrimaryAttribute":"QID15","SecondaryAttribute":"6. I am willing to be inconvenienced in order to take actions that are more environmentally frien...","TertiaryAttribute":null,"Payload":{"QuestionText":"<strong>6. I am willing to be inconvenienced in order to take actions that are more environmentally friendly.<\/strong>","DefaultChoices":false,"DataExportTag":"g6","QuestionID":"QID15","QuestionType":"Matrix","Selector":"Likert","SubSelector":"SingleAnswer","DataVisibility":{"Private":false,"Hidden":false},"Configuration":{"QuestionDescriptionOption":"UseText","TextPosition":"inline","ChoiceColumnWidth":25,"RepeatHeaders":"none","WhiteSpace":"OFF","MobileFirst":true},"QuestionDescription":"6. I am willing to be inconvenienced in order to take actions that are more environmentally frien...","Choices":{"1":{"Display":"Your opinion"},"2":{"Display":"<span style=\"color:#c0392b;\">The average republican<\/span>"},"3":{"Display":"<span style=\"color:#2980b9;\">The average democrat<\/span>"}},"ChoiceOrder":["1","2","3"],"Validation":{"Settings":{"ForceResponse":"ON","ForceResponseType":"ON","Type":"None"}},"GradingData":[],"Language":[],"NextChoiceId":4,"NextAnswerId":6,"Answers":{"1":{"Display":"Disagree strongly"},"2":{"Display":"Disagree a little"},"3":{"Display":"Neither agree nor disagree"},"4":{"Display":"Agree a little"},"5":{"Display":"Agree strongly"}},"AnswerOrder":[1,2,3,4,5],"ChoiceDataExportTags":false}},{"SurveyID":"SV_7V5e1i5581koSwu","Element":"SQ","PrimaryAttribute":"QID16","SecondaryAttribute":"5. I would describe myself as environmentally responsible","TertiaryAttribute":null,"Payload":{"QuestionText":"<strong>5. I would describe myself as environmentally responsible<\/strong>","DefaultChoices":false,"DataExportTag":"g5","QuestionType":"Matrix","Selector":"Likert","SubSelector":"SingleAnswer","DataVisibility":{"Private":false,"Hidden":false},"Configuration":{"QuestionDescriptionOption":"UseText","TextPosition":"inline","ChoiceColumnWidth":25,"RepeatHeaders":"none","WhiteSpace":"OFF","MobileFirst":true},"QuestionDescription":"5. I would describe myself as environmentally responsible","Choices":{"1":{"Display":"Your opinion"},"2":{"Display":"<span style=\"color:#c0392b;\">The average republican<\/span>"},"3":{"Display":"<span style=\"color:#2980b9;\">The average democrat<\/span>"}},"ChoiceOrder":["1","2","3"],"Validation":{"Settings":{"ForceResponse":"ON","ForceResponseType":"ON","Type":"None"}},"GradingData":[],"Language":[],"NextChoiceId":4,"NextAnswerId":6,"Answers":{"1":{"Display":"Disagree strongly"},"2":{"Display":"Disagree a little"},"3":{"Display":"Neither agree nor disagree"},"4":{"Display":"Agree a little"},"5":{"Display":"Agree strongly"}},"AnswerOrder":[1,2,3,4,5],"ChoiceDataExportTags":false,"QuestionID":"QID16"}},{"SurveyID":"SV_7V5e1i5581koSwu","Element":"SQ","PrimaryAttribute":"QID17","SecondaryAttribute":"4. I am concerned about wasting the resources of our planet.","TertiaryAttribute":null,"Payload":{"QuestionText":"<strong>4. I am concerned about wasting the resources of our planet.<\/strong>","DefaultChoices":false,"DataExportTag":"g4","QuestionType":"Matrix","Selector":"Likert","SubSelector":"SingleAnswer","DataVisibility":{"Private":false,"Hidden":false},"Configuration":{"QuestionDescriptionOption":"UseText","TextPosition":"inline","ChoiceColumnWidth":25,"RepeatHeaders":"none","WhiteSpace":"OFF","MobileFirst":true},"QuestionDescription":"4. I am concerned about wasting the resources of our planet.","Choices":{"1":{"Display":"Your opinion"},"2":{"Display":"<span style=\"color:#c0392b;\">The average republican<\/span>"},"3":{"Display":"<span style=\"color:#2980b9;\">The average democrat<\/span>"}},"ChoiceOrder":["1","2","3"],"Validation":{"Settings":{"ForceResponse":"ON","ForceResponseType":"ON","Type":"None"}},"GradingData":[],"Language":[],"NextChoiceId":4,"NextAnswerId":6,"Answers":{"1":{"Display":"Disagree strongly"},"2":{"Display":"Disagree a little"},"3":{"Display":"Neither agree nor disagree"},"4":{"Display":"Agree a little"},"5":{"Display":"Agree strongly"}},"AnswerOrder":[1,2,3,4,5],"ChoiceDataExportTags":false,"QuestionID":"QID17"}},{"SurveyID":"SV_7V5e1i5581koSwu","Element":"SQ","PrimaryAttribute":"QID18","SecondaryAttribute":"3. My purchase habits are affected by my concern for our environment","TertiaryAttribute":null,"Payload":{"QuestionText":"<strong>3. My purchase habits are affected by my concern for our environment<\/strong>","DefaultChoices":false,"DataExportTag":"g3","QuestionType":"Matrix","Selector":"Likert","SubSelector":"SingleAnswer","DataVisibility":{"Private":false,"Hidden":false},"Configuration":{"QuestionDescriptionOption":"UseText","TextPosition":"inline","ChoiceColumnWidth":25,"RepeatHeaders":"none","WhiteSpace":"OFF","MobileFirst":true},"QuestionDescription":"3. My purchase habits are affected by my concern for our environment","Choices":{"1":{"Display":"Your opinion"},"2":{"Display":"<span style=\"color:#c0392b;\">The average republican<\/span>"},"3":{"Display":"<span style=\"color:#2980b9;\">The average democrat<\/span>"}},"ChoiceOrder":["1","2","3"],"Validation":{"Settings":{"ForceResponse":"ON","ForceResponseType":"ON","Type":"None"}},"GradingData":[],"Language":[],"NextChoiceId":4,"NextAnswerId":6,"Answers":{"1":{"Display":"Disagree strongly"},"2":{"Display":"Disagree a little"},"3":{"Display":"Neither agree nor disagree"},"4":{"Display":"Agree a little"},"5":{"Display":"Agree strongly"}},"AnswerOrder":[1,2,3,4,5],"ChoiceDataExportTags":false,"QuestionID":"QID18"}},{"SurveyID":"SV_7V5e1i5581koSwu","Element":"SQ","PrimaryAttribute":"QID19","SecondaryAttribute":"Before we start, how would you rate your own political orientation?","TertiaryAttribute":null,"Payload":{"QuestionText":"<div style=\"text-align: center; margin: 20px 0;\">\n  <img\n    src=\"https:\/\/raw.githubusercontent.com\/lirabenjamin\/twins_pilot2\/main\/materials\/qualtrics\/images\/politics.png\"\n    alt=\"Politics icon\"\n    style=\"max-width: 500px; width: 100%; height: auto;\"\n  >\n<\/div>\n\nBefore we start, how would you rate your own political orientation?","DefaultChoices":false,"DataExportTag":"politicalorientation","QuestionID":"QID19","QuestionType":"Slider","Selector":"HSLIDER","DataVisibility":{"Private":false,"Hidden":false},"Configuration":{"QuestionDescriptionOption":"UseText","CSSliderMin":0,"CSSliderMax":100,"GridLines":1,"SnapToGrid":false,"NumDecimals":"0","ShowValue":false,"CustomStart":false,"NotApplicable":false,"MobileFirst":true},"QuestionDescription":"Before we start, how would you rate your own political orientation?","Choices":{"1":{"Display":"Political orientation"}},"ChoiceOrder":[1],"Validation":{"Settings":{"ForceResponse":"ON","ForceResponseType":"ON","Type":"None"}},"GradingData":[],"Language":[],"NextChoiceId":2,"NextAnswerId":3,"Labels":{"1":{"Display":"Democrat"},"2":{"Display":"Republican"}},"QuestionJS":"Qualtrics.SurveyEngine.addOnPageSubmit(function () {\n  var val = parseInt(this.getQuestionInfo().value, 10); \/\/ slider-safe\n\n  Qualtrics.SurveyEngine.setEmbeddedData(\"PartyNumeric\", val);\n\n  if (val < 50) {\n    Qualtrics.SurveyEngine.setEmbeddedData(\"IngroupLabel\", \"Democrat\");\n    Qualtrics.SurveyEngine.setEmbeddedData(\"OutgroupLabel\", \"Republican\");\n  } else {\n    Qualtrics.SurveyEngine.setEmbeddedData(\"IngroupLabel\", \"Republican\");\n    Qualtrics.SurveyEngine.setEmbeddedData(\"OutgroupLabel\", \"Democrat\");\n  }\n});"}},{"SurveyID":"SV_7V5e1i5581koSwu","Element":"SQ","PrimaryAttribute":"QID2","SecondaryAttribute":"Once you click next, you will be redirected to a chatbot that has been prompted to represent ...","TertiaryAttribute":null,"Payload":{"QuestionText":"<div style=\"text-align: center; margin: 20px 0;\">\n  <img\n    src=\"https:\/\/raw.githubusercontent.com\/lirabenjamin\/twins_pilot2\/main\/materials\/qualtrics\/images\/bot.png\"\n    alt=\"bot icon\"\n    style=\"max-width: 500px; width: 100%; height: auto;\"\n  >\n<\/div>\n\n\nOnce you click next, you will be redirected to a chatbot that has been prompted to represent <strong>${e:\/\/Field\/OutgroupLabel}s.<\/strong><br>\n<br>\nPlease have a 10 minute conversation with it. Feel free to ask it or tell it anything.<br>\n<br>\n<strong>Remember:&nbsp;<\/strong>You are trying to understand porduct market fit for a set of electricity saving applicances.<br>\n<br>\nDo not leave the screen.<br>\n<br>\nThe chatbot may take a minute to load.","DefaultChoices":false,"DataExportTag":"Q2","QuestionID":"QID2","QuestionType":"DB","Selector":"TB","DataVisibility":{"Private":false,"Hidden":false},"Configuration":{"QuestionDescriptionOption":"UseText"},"QuestionDescription":"Once you click next, you will be redirected to a chatbot that has been prompted to represent ...","ChoiceOrder":[],"Validation":{"Settings":{"Type":"None"}},"GradingData":[],"Language":[],"NextChoiceId":4,"NextAnswerId":1}},{"SurveyID":"SV_7V5e1i5581koSwu","Element":"SQ","PrimaryAttribute":"QID20","SecondaryAttribute":"\u00a0","TertiaryAttribute":null,"Payload":{"QuestionText":"&nbsp;<br>","DefaultChoices":false,"DataExportTag":"Q20","QuestionID":"QID20","QuestionType":"DB","Selector":"TB","DataVisibility":{"Private":false,"Hidden":false},"Configuration":{"QuestionDescriptionOption":"UseText"},"QuestionDescription":"\u00a0","ChoiceOrder":[],"Validation":{"Settings":{"Type":"None"}},"GradingData":[],"Language":[],"NextChoiceId":4,"NextAnswerId":1,"QuestionJS":"\/\/ Qualtrics.SurveyEngine.addOnReady(function()\n\/\/ {\n\/\/ \tconst app_options = {\n\/\/ \t\tcondition: \"${e:\/\/Field\/condition}\",\n\/\/ \t\tfixed: \"${e:\/\/Field\/fixed}\",\n\/\/ \t\tid: \"${e:\/\/Field\/ResponseID}\"\n\/\/ \t}\n\/\/ \t\n\/\/ \tconst base_url = \"https:\/\/reframe001-7a186c892e5e.herokuapp.com\"\n\/\/  \n\/\/ \tfunction eventer_callback(e, qualtrics_context){\n\/\/ \t\t\t\t\tqualtrics_context.clickNextButton()\n\/\/ \t\t\t\t\tQualtrics.SurveyEngine.setEmbeddedData(\"clicks\", e.data )\n\/\/ \t}\n\/\/ \t\n\/\/ \tWharton.iframe.show_app({\n\/\/ \t\tbase_url: base_url,\n\/\/ \t\tapp_options: app_options,\n\/\/ \t\teventer_callback: eventer_callback,\n\/\/ \t\tqualtrics_context: this\n\/\/ \t})\n\/\/ });\n\nQualtrics.SurveyEngine.addOnReady(function () {\n  const url =\n    \"https:\/\/reframe001-7a186c892e5e.herokuapp.com\" +\n    \"?condition=\" + encodeURIComponent(\"${e:\/\/Field\/condition}\") +\n    \"&fixed=\" + encodeURIComponent(\"${e:\/\/Field\/fixed}\") +\n    \"&id=\" + encodeURIComponent(\"${e:\/\/Field\/ResponseID}\");\n\n  const container = this.getQuestionContainer();\n\n  \/\/ Clear the question text area if you want it super clean\n  \/\/ container.querySelector(\".QuestionText\").innerHTML = \"\";\n\n  const wrap = document.createElement(\"div\");\n  wrap.style.width = \"100%\";\n  wrap.style.maxWidth = \"1200px\";\n  wrap.style.margin = \"0 auto\";\n  wrap.style.border = \"1px solid #e5e5e5\";\n  wrap.style.borderRadius = \"14px\";\n  wrap.style.overflow = \"hidden\";\n\n  const iframe = document.createElement(\"iframe\");\n  iframe.src = url;\n  iframe.style.width = \"100%\";\n  iframe.style.height = \"70vh\";          \/\/ responsive height\n  iframe.style.border = \"0\";\n  iframe.setAttribute(\"scrolling\", \"no\"); \/\/ optional\n\n  wrap.appendChild(iframe);\n\n  \/\/ Put it under the question text\n  container.appendChild(wrap);\n});"}},{"SurveyID":"SV_7V5e1i5581koSwu","Element":"SQ","PrimaryAttribute":"QID21","SecondaryAttribute":"Thank you for participating! Feel free to leave any comments for the researchers below.","TertiaryAttribute":null,"Payload":{"QuestionText":"Thank you for participating!<br><br>Feel free to leave any comments for the researchers below.<br>","DefaultChoices":false,"DataExportTag":"comments","QuestionID":"QID21","QuestionType":"TE","Selector":"ML","DataVisibility":{"Private":false,"Hidden":false},"Configuration":{"QuestionDescriptionOption":"UseText"},"QuestionDescription":"Thank you for participating! Feel free to leave any comments for the researchers below.","Validation":{"Settings":{"ForceResponse":"OFF","Type":"None"}},"GradingData":[],"Language":[],"NextChoiceId":4,"NextAnswerId":1,"SearchSource":{"AllowFreeResponse":"false"}}},{"SurveyID":"SV_7V5e1i5581koSwu","Element":"SQ","PrimaryAttribute":"QID22","SecondaryAttribute":"How confident are you that these new predictions accurately reflect the views of the average ...","TertiaryAttribute":null,"Payload":{"QuestionText":"How <strong>confident<\/strong> are you that these new predictions accurately reflect the views of the average ${e:\/\/Field\/OutgroupLabel}?","DataExportTag":"confidence_out2","QuestionType":"MC","Selector":"SAVR","SubSelector":"TX","DataVisibility":{"Private":false,"Hidden":false},"Configuration":{"QuestionDescriptionOption":"UseText"},"QuestionDescription":"How confident are you that these new predictions accurately reflect the views of the average ...","Choices":{"1":{"Display":"Extremely confident"},"2":{"Display":"Very confident"},"3":{"Display":"Moderately confident"},"4":{"Display":"Slightly confident"},"5":{"Display":"Not at all confident"}},"ChoiceOrder":[1,2,3,4,5],"Validation":{"Settings":{"ForceResponse":"ON","ForceResponseType":"ON","Type":"None"}},"Language":[],"NextChoiceId":6,"NextAnswerId":1,"QuestionID":"QID22"}},{"SurveyID":"SV_7V5e1i5581koSwu","Element":"SQ","PrimaryAttribute":"QID23","SecondaryAttribute":"Write a short slogan to sell energy-saving home appliances to ${e:\/\/Field\/OutgroupLabel}s, using...","TertiaryAttribute":null,"Payload":{"QuestionText":"<p><b>Write a short slogan to sell energy-saving home appliances to ${e:\/\/Field\/OutgroupLabel}s, using what you learned in this task<\/b><\/p>\n<span style=\"color:#999999;\">Please write this in your own words. Do not copy or paste text from the chatbot or from any other source.<\/span>","DefaultChoices":false,"DataExportTag":"Q23","QuestionID":"QID23","QuestionType":"TE","Selector":"ML","DataVisibility":{"Private":false,"Hidden":false},"Configuration":{"QuestionDescriptionOption":"UseText"},"QuestionDescription":"Write a short slogan to sell energy-saving home appliances to ${e:\/\/Field\/OutgroupLabel}s, using...","Validation":{"Settings":{"ForceResponse":"ON","ForceResponseType":"ON","Type":"None"}},"GradingData":[],"Language":[],"NextChoiceId":4,"NextAnswerId":1,"SearchSource":{"AllowFreeResponse":"false"},"QuestionJS":"Qualtrics.SurveyEngine.addOnReady(function () {\n  const textarea = this.getQuestionContainer().querySelector(\"textarea\");\n  if (!textarea) return;\n\n  textarea.addEventListener(\"paste\", function (e) {\n    e.preventDefault();\n  });\n});"}},{"SurveyID":"SV_7V5e1i5581koSwu","Element":"SQ","PrimaryAttribute":"QID24","SecondaryAttribute":"Before we begin....How warm or cold do you feel towards...","TertiaryAttribute":null,"Payload":{"QuestionText":"Before we begin....<br><br>How warm or cold do you feel towards...","DefaultChoices":false,"DataExportTag":"warmth_pre","QuestionType":"Slider","Selector":"HSLIDER","DataVisibility":{"Private":false,"Hidden":false},"Configuration":{"QuestionDescriptionOption":"SpecifyLabel","CSSliderMin":0,"CSSliderMax":100,"GridLines":10,"SnapToGrid":false,"NumDecimals":"0","ShowValue":true,"CustomStart":false,"NotApplicable":false,"MobileFirst":true},"QuestionDescription":"Before we begin....How warm or cold do you feel towards...","Choices":{"1":{"Display":"${e:\/\/Field\/OutgroupLabel}s"},"2":{"Display":"${e:\/\/Field\/IngroupLabel}s"}},"ChoiceOrder":[1,2],"Randomization":{"Advanced":null,"ConsistentScaleReversal":true,"TotalRandSubset":"","Type":"All"},"Validation":{"Settings":{"ForceResponse":"ON","ForceResponseType":"ON","Type":"None"}},"GradingData":[],"Language":[],"NextChoiceId":3,"NextAnswerId":4,"Labels":{"1":{"Display":"Cold"},"2":{"Display":"Neutral"},"3":{"Display":"Warm"}},"QuestionID":"QID24"}},{"SurveyID":"SV_7V5e1i5581koSwu","Element":"SQ","PrimaryAttribute":"QID25","SecondaryAttribute":"Timing","TertiaryAttribute":null,"Payload":{"QuestionText":"Timing","DefaultChoices":false,"DataExportTag":"Q25","QuestionID":"QID25","QuestionType":"Timing","Selector":"D","DataVisibility":{"Private":false,"Hidden":false},"Configuration":{"QuestionDescriptionOption":"UseText","MinSeconds":600,"MaxSeconds":600,"ShowTimer":true,"CountDirection":"Decrementing","Seconds":600},"QuestionDescription":"Timing","Choices":{"1":{"Display":"First Click"},"2":{"Display":"Last Click"},"3":{"Display":"Page Submit"},"4":{"Display":"Click Count"}},"GradingData":[],"Language":[],"NextChoiceId":156,"NextAnswerId":1}},{"SurveyID":"SV_7V5e1i5581koSwu","Element":"SQ","PrimaryAttribute":"QID26","SecondaryAttribute":"What is your gender?","TertiaryAttribute":null,"Payload":{"QuestionText":"What is your gender?","DataExportTag":"gender","QuestionType":"MC","Selector":"SAVR","SubSelector":"TX","DataVisibility":{"Private":false,"Hidden":false},"Configuration":{"QuestionDescriptionOption":"UseText"},"QuestionDescription":"What is your gender?","Choices":{"1":{"Display":"Male"},"2":{"Display":"Female"},"3":{"Display":"Other"}},"ChoiceOrder":["1","2","3"],"Validation":{"Settings":{"ForceResponse":"ON","ForceResponseType":"ON","Type":"None"}},"Language":[],"NextChoiceId":4,"NextAnswerId":1,"QuestionID":"QID26"}},{"SurveyID":"SV_7V5e1i5581koSwu","Element":"SQ","PrimaryAttribute":"QID27","SecondaryAttribute":"What is your age?","TertiaryAttribute":null,"Payload":{"QuestionText":"What is your age?","DefaultChoices":false,"DataExportTag":"age","QuestionID":"QID27","QuestionType":"TE","Selector":"SL","DataVisibility":{"Private":false,"Hidden":false},"Configuration":{"QuestionDescriptionOption":"UseText"},"QuestionDescription":"What is your age?","Validation":{"Settings":{"ForceResponse":"ON","ForceResponseType":"ON","Type":"ContentType","MinChars":"1","ContentType":"ValidNumber","ValidDateType":"DateWithFormat","ValidPhoneType":"ValidUSPhone","ValidZipType":"ValidUSZip","ValidNumber":{"Min":"18","Max":"100","NumDecimals":""}}},"GradingData":[],"Language":[],"NextChoiceId":4,"NextAnswerId":1,"SearchSource":{"AllowFreeResponse":"false"}}},{"SurveyID":"SV_7V5e1i5581koSwu","Element":"SQ","PrimaryAttribute":"QID28","SecondaryAttribute":"Which races\/ethnicities do you identify with?","TertiaryAttribute":null,"Payload":{"QuestionText":"Which races\/ethnicities do you identify with?","DataExportTag":"race","QuestionType":"MC","Selector":"MAVR","SubSelector":"TX","DataVisibility":{"Private":false,"Hidden":false},"Configuration":{"QuestionDescriptionOption":"UseText"},"QuestionDescription":"Which races\/ethnicities do you identify with?","Choices":{"1":{"Display":"White"},"2":{"Display":"Black or African American"},"3":{"Display":"Latino"},"4":{"Display":"Asian"},"5":{"Display":"Other"},"6":{"Display":"American Indian or Alaska Native"},"7":{"Display":"Native Hawaiian or Other Pacific Islander"}},"ChoiceOrder":["1","2","6","3","4","7","5"],"Validation":{"Settings":{"ForceResponse":"ON","ForceResponseType":"ON","Type":"None"}},"Language":[],"NextChoiceId":8,"NextAnswerId":1,"QuestionID":"QID28"}},{"SurveyID":"SV_7V5e1i5581koSwu","Element":"SQ","PrimaryAttribute":"QID29","SecondaryAttribute":"You are invited to take part in a research study about how people make judgments about different...","TertiaryAttribute":null,"Payload":{"QuestionText":"<div style=\"max-width: 700px; margin: 0 auto; line-height: 1.5;\">\n\n  <p>\n    You are invited to take part in a research study about how people make judgments about different consumer groups.\n  <\/p>\n\n  <p>\n    <strong>If you agree to participate, you will:<\/strong>\n  <\/p>\n\n  <ul>\n    <li>Answer a few questions<\/li>\n    <li>Have a short text-based conversation with an AI chatbot<\/li>\n    <li>Answer follow-up questions<\/li>\n  <\/ul>\n\n  <p>\n    The study takes approximately <strong>15\u201320 minutes<\/strong>.\n  <\/p>\n\n  <p>\n    Your participation is <strong>voluntary<\/strong>. You may stop at any time without penalty.\n  <\/p>\n\n  <p>\n    Your responses will be kept confidential and analyzed only in aggregate.\n    The chatbot is an AI system, not a real person.\n  <\/p>\n\n  <p>\n    If you have questions about the study, contact:\n    <strong>blira@sas.upenn.edu<\/strong>\n  <\/p>\n\n  <hr style=\"margin: 24px 0;\">\n\n  <p>\n    <strong>To confirm you are at least 18 years old and agree to participate:<\/strong><br>\n    Click <strong>\u201cI agree\u201d<\/strong> below.\n  <\/p>\n\n  <p>\n    <strong>To decline to participate:<\/strong><br>\n    Close this browser tab.\n  <\/p>\n\n<\/div>","DefaultChoices":false,"DataExportTag":"Q29","QuestionID":"QID29","QuestionType":"DB","Selector":"TB","DataVisibility":{"Private":false,"Hidden":false},"Configuration":{"QuestionDescriptionOption":"UseText"},"QuestionDescription":"You are invited to take part in a research study about how people make judgments about different...","ChoiceOrder":[],"Validation":{"Settings":{"Type":"None"}},"GradingData":[],"Language":[],"NextChoiceId":4,"NextAnswerId":1,"QuestionJS":"Qualtrics.SurveyEngine.addOnReady(function () {\n  function setNextLabel(txt) {\n    \/\/ Most themes\n    var btn = document.getElementById(\"NextButton\");\n    if (!btn) return false;\n\n    \/\/ If it's an <input>\n    if (\"value\" in btn) btn.value = txt;\n\n    \/\/ If it's a <button>\n    btn.innerHTML = txt;\n    btn.textContent = txt;\n\n    return true;\n  }\n\n  \/\/ Try now, then try again after render\n  setNextLabel(\"I agree\");\n  setTimeout(function () { setNextLabel(\"I agree\"); }, 300);\n});"}},{"SurveyID":"SV_7V5e1i5581koSwu","Element":"SQ","PrimaryAttribute":"QID3","SecondaryAttribute":"\/\/","TertiaryAttribute":null,"Payload":{"QuestionText":"<iframe\n  src=\"https:\/\/reframe001-7a186c892e5e.herokuapp.com\n       ?condition=${e:\/\/Field\/condition}\n       &fixed=${e:\/\/Field\/fixed}\n       &id=${e:\/\/Field\/ResponseID}\"\n  width=\"100%\"\n  height=\"600\"\n  style=\"border:none;\">\n<\/iframe>","QuestionJS":"\/\/ Qualtrics.SurveyEngine.addOnReady(function()\n\/\/ {\n\/\/ \tconst app_options = {\n\/\/ \t\tcondition: \"${e:\/\/Field\/condition}\",\n\/\/ \t\tfixed: \"${e:\/\/Field\/fixed}\",\n\/\/ \t\tid: \"${e:\/\/Field\/ResponseID}\"\n\/\/ \t}\n\/\/ \t\n\/\/ \tconst base_url = \"https:\/\/reframe001-7a186c892e5e.herokuapp.com\"\n\/\/  \n\/\/ \tfunction eventer_callback(e, qualtrics_context){\n\/\/ \t\t\t\t\tqualtrics_context.clickNextButton()\n\/\/ \t\t\t\t\tQualtrics.SurveyEngine.setEmbeddedData(\"clicks\", e.data )\n\/\/ \t}\n\/\/ \t\n\/\/ \tWharton.iframe.show_app({\n\/\/ \t\tbase_url: base_url,\n\/\/ \t\tapp_options: app_options,\n\/\/ \t\teventer_callback: eventer_callback,\n\/\/ \t\tqualtrics_context: this\n\/\/ \t})\n\/\/ });\n\nQualtrics.SurveyEngine.addOnReady(function () {\n  const url =\n    \"https:\/\/reframe001-7a186c892e5e.herokuapp.com\" +\n    \"?condition=\" + encodeURIComponent(\"${e:\/\/Field\/condition}\") +\n    \"&fixed=\" + encodeURIComponent(\"${e:\/\/Field\/fixed}\") +\n    \"&id=\" + encodeURIComponent(\"${e:\/\/Field\/ResponseID}\");\n\n  const container = this.getQuestionContainer();\n\n  \/\/ Clear the question text area if you want it super clean\n  \/\/ container.querySelector(\".QuestionText\").innerHTML = \"\";\n\n  const wrap = document.createElement(\"div\");\n  wrap.style.width = \"100%\";\n  wrap.style.maxWidth = \"1200px\";\n  wrap.style.margin = \"0 auto\";\n  wrap.style.border = \"1px solid #e5e5e5\";\n  wrap.style.borderRadius = \"14px\";\n  wrap.style.overflow = \"hidden\";\n\n  const iframe = document.createElement(\"iframe\");\n  iframe.src = url;\n  iframe.style.width = \"100%\";\n  iframe.style.height = \"70vh\";          \/\/ responsive height\n  iframe.style.border = \"0\";\n  iframe.setAttribute(\"scrolling\", \"no\"); \/\/ optional\n\n  wrap.appendChild(iframe);\n\n  \/\/ Put it under the question text\n  container.appendChild(wrap);\n});","DefaultChoices":false,"DataExportTag":"Q3","QuestionID":"QID3","QuestionType":"DB","Selector":"TB","DataVisibility":{"Private":false,"Hidden":false},"Configuration":{"QuestionDescriptionOption":"UseText"},"QuestionDescription":"\/\/","ChoiceOrder":[],"Validation":{"Settings":{"Type":"None"}},"GradingData":[],"Language":[],"NextChoiceId":4,"NextAnswerId":1}},{"SurveyID":"SV_7V5e1i5581koSwu","Element":"SQ","PrimaryAttribute":"QID4","SecondaryAttribute":"Here are a number of characteristics that may or may not apply to people. Please indicate next to...","TertiaryAttribute":null,"Payload":{"QuestionText":"Here are a number of characteristics that may or may not apply to people.<br>\n<br>\nPlease indicate next to each statement the extent to which <strong>you, the <span style=\"color:#c0392b;\">average republican<\/span>, and the <span style=\"color:#2980b9;\">average democrat<\/span><\/strong> would&nbsp;agree or disagree with that statement.","DefaultChoices":false,"DataExportTag":"Q4","QuestionID":"QID4","QuestionType":"DB","Selector":"TB","DataVisibility":{"Private":false,"Hidden":false},"Configuration":{"QuestionDescriptionOption":"UseText","TextPosition":"inline"},"QuestionDescription":"Here are a number of characteristics that may or may not apply to people. Please indicate next to...","ChoiceOrder":[],"Validation":{"Settings":{"Type":"None"}},"GradingData":[],"Language":[],"NextChoiceId":7,"NextAnswerId":6}},{"SurveyID":"SV_7V5e1i5581koSwu","Element":"SQ","PrimaryAttribute":"QID5","SecondaryAttribute":"Now that you have learned a bit more about\u00a0${e:\/\/Field\/OutgroupLabel} consumers,\u00a0 Please indicate.","TertiaryAttribute":null,"Payload":{"QuestionText":"Now that you have learned a bit more about&nbsp;<strong>${e:\/\/Field\/OutgroupLabel} consumers,&nbsp;<\/strong><br>\n<br>\nPlease indicate next to each statement the extent to which you think the <strong>average ${e:\/\/Field\/OutgroupLabel} <\/strong>would&nbsp;agree or disagree with that statement.","DefaultChoices":false,"DataExportTag":"post","QuestionType":"Matrix","Selector":"Likert","SubSelector":"SingleAnswer","DataVisibility":{"Private":false,"Hidden":false},"Configuration":{"QuestionDescriptionOption":"UseText","TextPosition":"inline","ChoiceColumnWidth":25,"RepeatHeaders":"none","WhiteSpace":"OFF","MobileFirst":true},"QuestionDescription":"Now that you have learned a bit more about\u00a0${e:\/\/Field\/OutgroupLabel} consumers,\u00a0 Please indicate...","Choices":{"1":{"Display":"1. It is important to me that the products I use do not harm the environment"},"2":{"Display":"2. I consider the potential environmental impact of my actions when making many of my decisions"},"3":{"Display":"3. My purchase habits are affected by my concern for our environment"},"4":{"Display":"4. I am concerned about wasting the resources of our planet."},"5":{"Display":"5. I would describe myself as environmentally responsible"},"6":{"Display":"6. I am willing to be inconvenienced in order to take actions that are more environmentally friendly."}},"ChoiceOrder":[1,2,3,4,5,6],"Validation":{"Settings":{"ForceResponse":"ON","ForceResponseType":"ON","Type":"None"}},"GradingData":[],"Language":[],"NextChoiceId":7,"NextAnswerId":6,"Answers":{"1":{"Display":"Disagree strongly"},"2":{"Display":"Disagree a little"},"3":{"Display":"Neither agree nor disagree"},"4":{"Display":"Agree a little"},"5":{"Display":"Agree strongly"}},"AnswerOrder":[1,2,3,4,5],"ChoiceDataExportTags":false,"QuestionID":"QID5"}},{"SurveyID":"SV_7V5e1i5581koSwu","Element":"SQ","PrimaryAttribute":"QID6","SecondaryAttribute":"How warm or cold do you feel towards...","TertiaryAttribute":null,"Payload":{"QuestionText":"How warm or cold do you feel towards...","DefaultChoices":false,"DataExportTag":"warmth_post","QuestionID":"QID6","QuestionType":"Slider","Selector":"HSLIDER","DataVisibility":{"Private":false,"Hidden":false},"Configuration":{"QuestionDescriptionOption":"UseText","TextPosition":"inline","CSSliderMin":0,"CSSliderMax":100,"GridLines":10,"SnapToGrid":false,"NumDecimals":"0","ShowValue":true,"CustomStart":false,"NotApplicable":false,"MobileFirst":true},"QuestionDescription":"How warm or cold do you feel towards...","Choices":{"1":{"Display":"${e:\/\/Field\/OutgroupLabel}s"},"2":{"Display":"${e:\/\/Field\/IngroupLabel}s"}},"ChoiceOrder":[1,2],"Validation":{"Settings":{"ForceResponse":"ON","ForceResponseType":"ON","Type":"None"}},"GradingData":[],"Language":[],"NextChoiceId":3,"NextAnswerId":4,"Labels":{"1":{"Display":"Cold"},"2":{"Display":"Neutral"},"3":{"Display":"Warm"}},"Randomization":{"Advanced":null,"ConsistentScaleReversal":true,"TotalRandSubset":"","Type":"All"}}},{"SurveyID":"SV_7V5e1i5581koSwu","Element":"SQ","PrimaryAttribute":"QID7","SecondaryAttribute":"How confident are you that your predictions accurately reflect the views of the average\u00a0...","TertiaryAttribute":null,"Payload":{"QuestionText":"How <strong>confident<\/strong> are you that your predictions accurately reflect the views of the average&nbsp;${e:\/\/Field\/IngroupLabel}?","DataExportTag":"confidence_in1 ","QuestionType":"MC","Selector":"SAVR","SubSelector":"TX","DataVisibility":{"Private":false,"Hidden":false},"Configuration":{"QuestionDescriptionOption":"UseText"},"QuestionDescription":"How confident are you that your predictions accurately reflect the views of the average\u00a0...","Choices":{"1":{"Display":"Extremely confident"},"2":{"Display":"Very confident"},"3":{"Display":"Moderately confident"},"4":{"Display":"Slightly confident"},"5":{"Display":"Not at all confident"}},"ChoiceOrder":[1,2,3,4,5],"Validation":{"Settings":{"ForceResponse":"ON","ForceResponseType":"ON","Type":"None"}},"Language":[],"NextChoiceId":6,"NextAnswerId":1,"QuestionID":"QID7"}},{"SurveyID":"SV_7V5e1i5581koSwu","Element":"SQ","PrimaryAttribute":"QID8","SecondaryAttribute":"Overall, how informative was the bot?","TertiaryAttribute":null,"Payload":{"QuestionText":"Overall, how <strong>informative<\/strong> was the bot?","DataExportTag":"info","QuestionType":"MC","Selector":"SAVR","SubSelector":"TX","DataVisibility":{"Private":false,"Hidden":false},"Configuration":{"QuestionDescriptionOption":"UseText"},"QuestionDescription":"Overall, how informative was the bot?","Choices":{"1":{"Display":"Extremely informative"},"2":{"Display":"Very informative"},"3":{"Display":"Moderately informative"},"4":{"Display":"Slightly informative"},"5":{"Display":"Not at all informative"}},"ChoiceOrder":[1,2,3,4,5],"Validation":{"Settings":{"ForceResponse":"ON","ForceResponseType":"ON","Type":"None"}},"Language":[],"NextChoiceId":6,"NextAnswerId":1,"QuestionID":"QID8"}},{"SurveyID":"SV_7V5e1i5581koSwu","Element":"SQ","PrimaryAttribute":"QID9","SecondaryAttribute":"Overall, how\u00a0empathic\u00a0were the bot\u2019s responses?","TertiaryAttribute":null,"Payload":{"QuestionText":"<meta charset=\"UTF-8\" \/>\n<p>Overall, how&nbsp;<b>empathic<\/b>&nbsp;were the bot&rsquo;s responses?<\/p>","DataExportTag":"empathy","QuestionType":"MC","Selector":"SAVR","SubSelector":"TX","DataVisibility":{"Private":false,"Hidden":false},"Configuration":{"QuestionDescriptionOption":"UseText"},"QuestionDescription":"Overall, how\u00a0empathic\u00a0were the bot\u2019s responses?","Choices":{"1":{"Display":"Extremely empathic"},"2":{"Display":"Very empathic"},"3":{"Display":"Moderately empathic"},"4":{"Display":"Slightly empathic"},"5":{"Display":"Not at all empathic"}},"ChoiceOrder":[1,2,3,4,5],"Validation":{"Settings":{"ForceResponse":"ON","ForceResponseType":"ON","Type":"None"}},"Language":[],"NextChoiceId":6,"NextAnswerId":1,"QuestionID":"QID9"}},{"SurveyID":"SV_7V5e1i5581koSwu","Element":"STAT","PrimaryAttribute":"Survey Statistics","SecondaryAttribute":null,"TertiaryAttribute":null,"Payload":{"MobileCompatible":true,"ID":"Survey Statistics"}}]}